<?xml version="1.0" encoding="utf-8"?>
<Project ToolsVersion="4.0" xmlns="http://schemas.microsoft.com/developer/msbuild/2003">
  <ItemGroup>
    <ClCompile Include="Chefao.cpp" />
    <ClCompile Include="Ente.cpp" />
    <ClCompile Include="Fase.cpp" />
    <ClCompile Include="Fase_1.cpp" />
    <ClCompile Include="Fase_2.cpp" />
    <ClCompile Include="Fogo.cpp" />
    <ClCompile Include="GerenciadorColisoes.cpp" />
    <ClCompile Include="GerenciadorEventos.cpp" />
    <ClCompile Include="GerenciadorGrafico.cpp" />
    <ClCompile Include="GerenciadorMenu.cpp" />
    <ClCompile Include="Goomba.cpp" />
    <ClCompile Include="Gosma.cpp" />
    <ClCompile Include="Inimigo.cpp" />
    <ClCompile Include="Jogador.cpp" />
    <ClCompile Include="Jogo.cpp" />
    <ClCompile Include="ListaEntidades.cpp" />
    <ClCompile Include="Luigi.cpp" />
    <ClCompile Include="Mario.cpp" />
    <ClCompile Include="Menu.cpp" />
    <ClCompile Include="MenuGameover.cpp" />
    <ClCompile Include="MenuPausa.cpp" />
    <ClCompile Include="MenuPersonagens.cpp" />
    <ClCompile Include="MenuPlacar.cpp" />
    <ClCompile Include="MenuPrincipal.cpp" />
    <ClCompile Include="MenuSeletor.cpp" />
    <ClCompile Include="NuvemMal.cpp" />
    <ClCompile Include="Obstaculo.cpp" />
    <ClCompile Include="Main.cpp" />
    <ClCompile Include="Entidade.cpp" />
    <ClCompile Include="Pedra.cpp" />
    <ClCompile Include="Personagem.cpp" />
    <ClCompile Include="PontuacaoUI.cpp" />
    <ClCompile Include="Projetil.cpp" />
    <ClCompile Include="VidaUI.cpp" />
    <ClCompile Include="Bandeira.cpp" />
    <ClCompile Include="Plataforma.cpp" />
  </ItemGroup>
  <ItemGroup>
    <ClInclude Include="Chefao.h" />
    <ClInclude Include="ComponenteGrafico.h" />
    <ClInclude Include="Ente.h" />
    <ClInclude Include="Fase.h" />
    <ClInclude Include="Fase_1.h" />
    <ClInclude Include="Fase_2.h" />
    <ClInclude Include="Fogo.h" />
    <ClInclude Include="GerenciadorColisoes.h" />
    <ClInclude Include="GerenciadorEventos.h" />
    <ClInclude Include="GerenciadorGrafico.h" />
    <ClInclude Include="GerenciadorMenu.h" />
    <ClInclude Include="Goomba.h" />
    <ClInclude Include="Gosma.h" />
    <ClInclude Include="IDsEntidades.h" />
    <ClInclude Include="Inimigo.h" />
    <ClInclude Include="Jogador.h" />
    <ClInclude Include="Jogo.h" />
    <ClInclude Include="Lista.h" />
    <ClInclude Include="ListaEntidades.h" />
    <ClInclude Include="Luigi.h" />
    <ClInclude Include="Mario.h" />
    <ClInclude Include="Menu.h" />
    <ClInclude Include="MenuGameover.h" />
    <ClInclude Include="MenuPausa.h" />
    <ClInclude Include="MenuPersonagens.h" />
    <ClInclude Include="MenuPlacar.h" />
    <ClInclude Include="MenuPrincipal.h" />
    <ClInclude Include="MenuSeletor.h" />
    <ClInclude Include="NuvemMal.h" />
    <ClInclude Include="Obstaculo.h" />
    <ClInclude Include="Entidade.h" />
    <ClInclude Include="Pedra.h" />
    <ClInclude Include="Personagem.h" />
    <ClInclude Include="PontuacaoUI.h" />
    <ClInclude Include="Projetil.h" />
    <ClInclude Include="stdafx.h" />
    <ClInclude Include="Vector2D.h" />
    <ClInclude Include="VidaUI.h" />
    <ClInclude Include="Bandeira.h" />
    <ClInclude Include="Plataforma.h" />
  </ItemGroup>
  <ItemGroup>
    <None Include="ClassDiagram.cd" />
  </ItemGroup>
</Project>